{
  "requires": true,
  "lockfileVersion": 1,
  "dependencies": {
    "jquery": {
      "version": "3.2.1",
      "resolved": "https://registry.npmjs.org/jquery/-/jquery-3.2.1.tgz",
      "integrity": "sha1-XE2d5lKvbNCncBVKYxu6ErAVx4c="
    },
    "multiselect": {
      "version": "0.9.12",
      "resolved": "https://registry.npmjs.org/multiselect/-/multiselect-0.9.12.tgz",
      "integrity": "sha1-0VU26YbdagApsWDWYTvO34Hkx+0=",
      "requires": {
        "jquery": "3.2.1"
      }
    },
    "multiselect-two-sides": {
      "version": "2.4.0",
      "resolved": "https://registry.npmjs.org/multiselect-two-sides/-/multiselect-two-sides-2.4.0.tgz",
      "integrity": "sha1-EwOONm2tGRA6Vy8rqiVWBUHrfcU=",
      "requires": {
        "jquery": "3.2.1"
      }
    }
  }
}
